#!r6rs ; -*- mode: scheme; coding: utf-8 -*-
;; This file is automatically generated - do not change it by hand.
(import (akku format lockfile))
(projects
  ((name "ufo-match")
   (location
     (url "https://archive.akkuscm.org/archive/pkg/u/ufo-match_1.0.0_repack.tar.xz"))
   (content
     (sha256
       "3200ebeb66a1b030ba244ee048c1ed7c6a256d6f091129a362ef1af53de16383")))
  ((name "chez-srfi")
   (location
     (url "https://archive.akkuscm.org/archive/pkg/c/chez-srfi_0.0.0-akku.280.2771423_repack.tar.xz"))
   (content
     (sha256
       "a8607d53346c10580c91e129e654934b87bf07d24a12f5d6f66a9fd4b68848be"))))
