#!r6rs ; -*- mode: scheme; coding: utf-8 -*-
;; This file is automatically generated - do not change it by hand.
(import (akku format lockfile))
(projects
  ((name "ufo-match")
    (location
      (url "https://archive.akkuscm.org/archive/pkg/u/ufo-match_1.0.0_repack.tar.xz"))
    (content
      (sha256
        "3200ebeb66a1b030ba244ee048c1ed7c6a256d6f091129a362ef1af53de16383")))
  ((name "chez-srfi")
    (location
      (url "https://archive.akkuscm.org/archive/pkg/c/chez-srfi_0.0.0-akku.244.b424440_repack.tar.xz"))
    (content
      (sha256
        "f4968e3d74c30d98297aaff3753b11225de45f99795cc2e3f6233e93f46d7c41"))))
